
Microsoft Visual Studio Solution File, Format Version 12.00
# Visual Studio Version 17
VisualStudioVersion = 17.3.32825.248
MinimumVisualStudioVersion = 10.0.40219.1
Project("{FAE04EC0-301F-11D3-BF4B-00C04F79EFBC}") = "Pubg Helper", "Pubg Helper\Pubg Helper.csproj", "{F68A94E1-C3F2-4666-A513-1CF88A3540A7}"
EndProject
Global
	GlobalSection(SolutionConfigurationPlatforms) = preSolution
		Debug|Any CPU = Debug|Any CPU
		Release|Any CPU = Release|Any CPU
	EndGlobalSection
	GlobalSection(ProjectConfigurationPlatforms) = postSolution
		{F68A94E1-C3F2-4666-A513-1CF88A3540A7}.Debug|Any CPU.ActiveCfg = Debug|Any CPU
		{F68A94E1-C3F2-4666-A513-1CF88A3540A7}.Debug|Any CPU.Build.0 = Debug|Any CPU
		{F68A94E1-C3F2-4666-A513-1CF88A3540A7}.Release|Any CPU.ActiveCfg = Release|Any CPU
		{F68A94E1-C3F2-4666-A513-1CF88A3540A7}.Release|Any CPU.Build.0 = Release|Any CPU
	EndGlobalSection
	GlobalSection(SolutionProperties) = preSolution
		HideSolutionNode = FALSE
	EndGlobalSection
	GlobalSection(ExtensibilityGlobals) = postSolution
		SolutionGuid = {8C1224B1-9E42-4A40-905A-220052069B9C}
	EndGlobalSection
EndGlobal
